// !$*UTF8*$!
{
	archiveVersion = 1;
	classes = {
	};
	objectVersion = 56;
	objects = {

/* Begin PBXBuildFile section */
		A347868D29F11E51005417B3 /* URLSessionManager.swift in Sources */ = {isa = PBXBuildFile; fileRef = A347868C29F11E51005417B3 /* URLSessionManager.swift */; };
		A347869229F12953005417B3 /* SnapKit in Frameworks */ = {isa = PBXBuildFile; productRef = A347869129F12953005417B3 /* SnapKit */; };
		A347869529F12971005417B3 /* Then in Frameworks */ = {isa = PBXBuildFile; productRef = A347869429F12971005417B3 /* Then */; };
		A347869829F15C7E005417B3 /* PopularBookListCell.swift in Sources */ = {isa = PBXBuildFile; fileRef = A347869729F15C7E005417B3 /* PopularBookListCell.swift */; };
		A347869A29F1704B005417B3 /* BooksHeaderView.swift in Sources */ = {isa = PBXBuildFile; fileRef = A347869929F1704B005417B3 /* BooksHeaderView.swift */; };
		A347869F29F24A61005417B3 /* Extension+CALayer.swift in Sources */ = {isa = PBXBuildFile; fileRef = A347869E29F24A61005417B3 /* Extension+CALayer.swift */; };
		A34786A129F24E6B005417B3 /* HotBook.swift in Sources */ = {isa = PBXBuildFile; fileRef = A34786A029F24E6B005417B3 /* HotBook.swift */; };
		A34786A329F2528A005417B3 /* HotBookListCell.swift in Sources */ = {isa = PBXBuildFile; fileRef = A34786A229F2528A005417B3 /* HotBookListCell.swift */; };
		A34786A629F5034F005417B3 /* TabBarController.swift in Sources */ = {isa = PBXBuildFile; fileRef = A34786A529F5034F005417B3 /* TabBarController.swift */; };
		A34786A929F5103F005417B3 /* SearchBooksViewController.swift in Sources */ = {isa = PBXBuildFile; fileRef = A34786A829F5103F005417B3 /* SearchBooksViewController.swift */; };
		A34786AB29F575AB005417B3 /* Extension+Date.swift in Sources */ = {isa = PBXBuildFile; fileRef = A34786AA29F575AB005417B3 /* Extension+Date.swift */; };
		A3E3792C29F032B900FE688E /* AppDelegate.swift in Sources */ = {isa = PBXBuildFile; fileRef = A3E3792B29F032B900FE688E /* AppDelegate.swift */; };
		A3E3792E29F032B900FE688E /* SceneDelegate.swift in Sources */ = {isa = PBXBuildFile; fileRef = A3E3792D29F032B900FE688E /* SceneDelegate.swift */; };
		A3E3793029F032B900FE688E /* BooksViewController.swift in Sources */ = {isa = PBXBuildFile; fileRef = A3E3792F29F032B900FE688E /* BooksViewController.swift */; };
		A3E3793529F032BA00FE688E /* Assets.xcassets in Resources */ = {isa = PBXBuildFile; fileRef = A3E3793429F032BA00FE688E /* Assets.xcassets */; };
		A3E3793829F032BA00FE688E /* LaunchScreen.storyboard in Resources */ = {isa = PBXBuildFile; fileRef = A3E3793629F032BA00FE688E /* LaunchScreen.storyboard */; };
		A3E3794029F0D56F00FE688E /* NetworkAPI.swift in Sources */ = {isa = PBXBuildFile; fileRef = A3E3793F29F0D56F00FE688E /* NetworkAPI.swift */; };
		A3E3794329F0F20000FE688E /* PopularBook.swift in Sources */ = {isa = PBXBuildFile; fileRef = A3E3794229F0F20000FE688E /* PopularBook.swift */; };
/* End PBXBuildFile section */

/* Begin PBXFileReference section */
		A347868C29F11E51005417B3 /* URLSessionManager.swift */ = {isa = PBXFileReference; lastKnownFileType = sourcecode.swift; path = URLSessionManager.swift; sourceTree = "<group>"; };
		A347869729F15C7E005417B3 /* PopularBookListCell.swift */ = {isa = PBXFileReference; lastKnownFileType = sourcecode.swift; path = PopularBookListCell.swift; sourceTree = "<group>"; };
		A347869929F1704B005417B3 /* BooksHeaderView.swift */ = {isa = PBXFileReference; lastKnownFileType = sourcecode.swift; path = BooksHeaderView.swift; sourceTree = "<group>"; };
		A347869E29F24A61005417B3 /* Extension+CALayer.swift */ = {isa = PBXFileReference; lastKnownFileType = sourcecode.swift; path = "Extension+CALayer.swift"; sourceTree = "<group>"; };
		A34786A029F24E6B005417B3 /* HotBook.swift */ = {isa = PBXFileReference; lastKnownFileType = sourcecode.swift; path = HotBook.swift; sourceTree = "<group>"; };
		A34786A229F2528A005417B3 /* HotBookListCell.swift */ = {isa = PBXFileReference; lastKnownFileType = sourcecode.swift; path = HotBookListCell.swift; sourceTree = "<group>"; };
		A34786A529F5034F005417B3 /* TabBarController.swift */ = {isa = PBXFileReference; lastKnownFileType = sourcecode.swift; path = TabBarController.swift; sourceTree = "<group>"; };
		A34786A829F5103F005417B3 /* SearchBooksViewController.swift */ = {isa = PBXFileReference; lastKnownFileType = sourcecode.swift; path = SearchBooksViewController.swift; sourceTree = "<group>"; };
		A34786AA29F575AB005417B3 /* Extension+Date.swift */ = {isa = PBXFileReference; lastKnownFileType = sourcecode.swift; path = "Extension+Date.swift"; sourceTree = "<group>"; };
		A3E3792829F032B900FE688E /* OurNeighborhoodLibrary.app */ = {isa = PBXFileReference; explicitFileType = wrapper.application; includeInIndex = 0; path = OurNeighborhoodLibrary.app; sourceTree = BUILT_PRODUCTS_DIR; };
		A3E3792B29F032B900FE688E /* AppDelegate.swift */ = {isa = PBXFileReference; lastKnownFileType = sourcecode.swift; path = AppDelegate.swift; sourceTree = "<group>"; };
		A3E3792D29F032B900FE688E /* SceneDelegate.swift */ = {isa = PBXFileReference; lastKnownFileType = sourcecode.swift; path = SceneDelegate.swift; sourceTree = "<group>"; };
		A3E3792F29F032B900FE688E /* BooksViewController.swift */ = {isa = PBXFileReference; lastKnownFileType = sourcecode.swift; path = BooksViewController.swift; sourceTree = "<group>"; };
		A3E3793429F032BA00FE688E /* Assets.xcassets */ = {isa = PBXFileReference; lastKnownFileType = folder.assetcatalog; path = Assets.xcassets; sourceTree = "<group>"; };
		A3E3793729F032BA00FE688E /* Base */ = {isa = PBXFileReference; lastKnownFileType = file.storyboard; name = Base; path = Base.lproj/LaunchScreen.storyboard; sourceTree = "<group>"; };
		A3E3793929F032BA00FE688E /* Info.plist */ = {isa = PBXFileReference; lastKnownFileType = text.plist.xml; path = Info.plist; sourceTree = "<group>"; };
		A3E3793F29F0D56F00FE688E /* NetworkAPI.swift */ = {isa = PBXFileReference; lastKnownFileType = sourcecode.swift; path = NetworkAPI.swift; sourceTree = "<group>"; };
		A3E3794229F0F20000FE688E /* PopularBook.swift */ = {isa = PBXFileReference; lastKnownFileType = sourcecode.swift; path = PopularBook.swift; sourceTree = "<group>"; };
/* End PBXFileReference section */

/* Begin PBXFrameworksBuildPhase section */
		A3E3792529F032B900FE688E /* Frameworks */ = {
			isa = PBXFrameworksBuildPhase;
			buildActionMask = 2147483647;
			files = (
				A347869229F12953005417B3 /* SnapKit in Frameworks */,
				A347869529F12971005417B3 /* Then in Frameworks */,
			);
			runOnlyForDeploymentPostprocessing = 0;
		};
/* End PBXFrameworksBuildPhase section */

/* Begin PBXGroup section */
		A347868E29F12868005417B3 /* Manager */ = {
			isa = PBXGroup;
			children = (
				A347868C29F11E51005417B3 /* URLSessionManager.swift */,
			);
			path = Manager;
			sourceTree = "<group>";
		};
		A347868F29F12914005417B3 /* Controller */ = {
			isa = PBXGroup;
			children = (
				A34786A729F51023005417B3 /* SearchBooks */,
				A34786A429F5032A005417B3 /* TabBar */,
				A347869C29F17069005417B3 /* Books */,
			);
			path = Controller;
			sourceTree = "<group>";
		};
		A347869629F15C6B005417B3 /* View */ = {
			isa = PBXGroup;
			children = (
				A347869B29F17061005417B3 /* Books */,
			);
			path = View;
			sourceTree = "<group>";
		};
		A347869B29F17061005417B3 /* Books */ = {
			isa = PBXGroup;
			children = (
				A347869929F1704B005417B3 /* BooksHeaderView.swift */,
				A347869729F15C7E005417B3 /* PopularBookListCell.swift */,
				A34786A229F2528A005417B3 /* HotBookListCell.swift */,
			);
			path = Books;
			sourceTree = "<group>";
		};
		A347869C29F17069005417B3 /* Books */ = {
			isa = PBXGroup;
			children = (
				A3E3792F29F032B900FE688E /* BooksViewController.swift */,
			);
			path = Books;
			sourceTree = "<group>";
		};
		A347869D29F24A4E005417B3 /* Extension */ = {
			isa = PBXGroup;
			children = (
				A347869E29F24A61005417B3 /* Extension+CALayer.swift */,
				A34786AA29F575AB005417B3 /* Extension+Date.swift */,
			);
			path = Extension;
			sourceTree = "<group>";
		};
		A34786A429F5032A005417B3 /* TabBar */ = {
			isa = PBXGroup;
			children = (
				A34786A529F5034F005417B3 /* TabBarController.swift */,
			);
			path = TabBar;
			sourceTree = "<group>";
		};
		A34786A729F51023005417B3 /* SearchBooks */ = {
			isa = PBXGroup;
			children = (
				A34786A829F5103F005417B3 /* SearchBooksViewController.swift */,
			);
			path = SearchBooks;
			sourceTree = "<group>";
		};
		A3A007182A00A8BF004AD7D8 /* Resource */ = {
			isa = PBXGroup;
			children = (
				A3E3793429F032BA00FE688E /* Assets.xcassets */,
				A3E3793629F032BA00FE688E /* LaunchScreen.storyboard */,
				A347869D29F24A4E005417B3 /* Extension */,
			);
			path = Resource;
			sourceTree = "<group>";
		};
		A3A007192A00A8FE004AD7D8 /* Source */ = {
			isa = PBXGroup;
			children = (
				A3E3792B29F032B900FE688E /* AppDelegate.swift */,
				A3E3792D29F032B900FE688E /* SceneDelegate.swift */,
				A347868E29F12868005417B3 /* Manager */,
				A3E3794129F0D65600FE688E /* Model */,
				A347869629F15C6B005417B3 /* View */,
				A347868F29F12914005417B3 /* Controller */,
			);
			path = Source;
			sourceTree = "<group>";
		};
		A3E3791F29F032B900FE688E = {
			isa = PBXGroup;
			children = (
				A3E3792A29F032B900FE688E /* OurNeighborhoodLibrary */,
				A3E3792929F032B900FE688E /* Products */,
			);
			sourceTree = "<group>";
		};
		A3E3792929F032B900FE688E /* Products */ = {
			isa = PBXGroup;
			children = (
				A3E3792829F032B900FE688E /* OurNeighborhoodLibrary.app */,
			);
			name = Products;
			sourceTree = "<group>";
		};
		A3E3792A29F032B900FE688E /* OurNeighborhoodLibrary */ = {
			isa = PBXGroup;
			children = (
				A3E3793929F032BA00FE688E /* Info.plist */,
				A3A007182A00A8BF004AD7D8 /* Resource */,
				A3A007192A00A8FE004AD7D8 /* Source */,
			);
			path = OurNeighborhoodLibrary;
			sourceTree = "<group>";
		};
		A3E3794129F0D65600FE688E /* Model */ = {
			isa = PBXGroup;
			children = (
				A3E3793F29F0D56F00FE688E /* NetworkAPI.swift */,
				A3E3794229F0F20000FE688E /* PopularBook.swift */,
				A34786A029F24E6B005417B3 /* HotBook.swift */,
			);
			path = Model;
			sourceTree = "<group>";
		};
/* End PBXGroup section */

/* Begin PBXNativeTarget section */
		A3E3792729F032B900FE688E /* OurNeighborhoodLibrary */ = {
			isa = PBXNativeTarget;
			buildConfigurationList = A3E3793C29F032BA00FE688E /* Build configuration list for PBXNativeTarget "OurNeighborhoodLibrary" */;
			buildPhases = (
				A3E3792429F032B900FE688E /* Sources */,
				A3E3792529F032B900FE688E /* Frameworks */,
				A3E3792629F032B900FE688E /* Resources */,
			);
			buildRules = (
			);
			dependencies = (
			);
			name = OurNeighborhoodLibrary;
			packageProductDependencies = (
				A347869129F12953005417B3 /* SnapKit */,
				A347869429F12971005417B3 /* Then */,
			);
			productName = OurNeighborhoodLibrary;
			productReference = A3E3792829F032B900FE688E /* OurNeighborhoodLibrary.app */;
			productType = "com.apple.product-type.application";
		};
/* End PBXNativeTarget section */

/* Begin PBXProject section */
		A3E3792029F032B900FE688E /* Project object */ = {
			isa = PBXProject;
			attributes = {
				BuildIndependentTargetsInParallel = 1;
				LastSwiftUpdateCheck = 1430;
				LastUpgradeCheck = 1430;
				TargetAttributes = {
					A3E3792729F032B900FE688E = {
						CreatedOnToolsVersion = 14.3;
					};
				};
			};
			buildConfigurationList = A3E3792329F032B900FE688E /* Build configuration list for PBXProject "OurNeighborhoodLibrary" */;
			compatibilityVersion = "Xcode 14.0";
			developmentRegion = en;
			hasScannedForEncodings = 0;
			knownRegions = (
				en,
				Base,
			);
			mainGroup = A3E3791F29F032B900FE688E;
			packageReferences = (
				A347869029F12953005417B3 /* XCRemoteSwiftPackageReference "SnapKit" */,
				A347869329F12971005417B3 /* XCRemoteSwiftPackageReference "Then" */,
			);
			productRefGroup = A3E3792929F032B900FE688E /* Products */;
			projectDirPath = "";
			projectRoot = "";
			targets = (
				A3E3792729F032B900FE688E /* OurNeighborhoodLibrary */,
			);
		};
/* End PBXProject section */

/* Begin PBXResourcesBuildPhase section */
		A3E3792629F032B900FE688E /* Resources */ = {
			isa = PBXResourcesBuildPhase;
			buildActionMask = 2147483647;
			files = (
				A3E3793829F032BA00FE688E /* LaunchScreen.storyboard in Resources */,
				A3E3793529F032BA00FE688E /* Assets.xcassets in Resources */,
			);
			runOnlyForDeploymentPostprocessing = 0;
		};
/* End PBXResourcesBuildPhase section */

/* Begin PBXSourcesBuildPhase section */
		A3E3792429F032B900FE688E /* Sources */ = {
			isa = PBXSourcesBuildPhase;
			buildActionMask = 2147483647;
			files = (
				A347869F29F24A61005417B3 /* Extension+CALayer.swift in Sources */,
				A347868D29F11E51005417B3 /* URLSessionManager.swift in Sources */,
				A34786A129F24E6B005417B3 /* HotBook.swift in Sources */,
				A3E3793029F032B900FE688E /* BooksViewController.swift in Sources */,
				A3E3792C29F032B900FE688E /* AppDelegate.swift in Sources */,
				A34786A929F5103F005417B3 /* SearchBooksViewController.swift in Sources */,
				A3E3792E29F032B900FE688E /* SceneDelegate.swift in Sources */,
				A34786A329F2528A005417B3 /* HotBookListCell.swift in Sources */,
				A3E3794329F0F20000FE688E /* PopularBook.swift in Sources */,
				A34786AB29F575AB005417B3 /* Extension+Date.swift in Sources */,
				A3E3794029F0D56F00FE688E /* NetworkAPI.swift in Sources */,
				A34786A629F5034F005417B3 /* TabBarController.swift in Sources */,
				A347869A29F1704B005417B3 /* BooksHeaderView.swift in Sources */,
				A347869829F15C7E005417B3 /* PopularBookListCell.swift in Sources */,
			);
			runOnlyForDeploymentPostprocessing = 0;
		};
/* End PBXSourcesBuildPhase section */

/* Begin PBXVariantGroup section */
		A3E3793629F032BA00FE688E /* LaunchScreen.storyboard */ = {
			isa = PBXVariantGroup;
			children = (
				A3E3793729F032BA00FE688E /* Base */,
			);
			name = LaunchScreen.storyboard;
			sourceTree = "<group>";
		};
/* End PBXVariantGroup section */

/* Begin XCBuildConfiguration section */
		A3E3793A29F032BA00FE688E /* Debug */ = {
			isa = XCBuildConfiguration;
			buildSettings = {
				ALWAYS_SEARCH_USER_PATHS = NO;
				CLANG_ANALYZER_NONNULL = YES;
				CLANG_ANALYZER_NUMBER_OBJECT_CONVERSION = YES_AGGRESSIVE;
				CLANG_CXX_LANGUAGE_STANDARD = "gnu++20";
				CLANG_ENABLE_MODULES = YES;
				CLANG_ENABLE_OBJC_ARC = YES;
				CLANG_ENABLE_OBJC_WEAK = YES;
				CLANG_WARN_BLOCK_CAPTURE_AUTORELEASING = YES;
				CLANG_WARN_BOOL_CONVERSION = YES;
				CLANG_WARN_COMMA = YES;
				CLANG_WARN_CONSTANT_CONVERSION = YES;
				CLANG_WARN_DEPRECATED_OBJC_IMPLEMENTATIONS = YES;
				CLANG_WARN_DIRECT_OBJC_ISA_USAGE = YES_ERROR;
				CLANG_WARN_DOCUMENTATION_COMMENTS = YES;
				CLANG_WARN_EMPTY_BODY = YES;
				CLANG_WARN_ENUM_CONVERSION = YES;
				CLANG_WARN_INFINITE_RECURSION = YES;
				CLANG_WARN_INT_CONVERSION = YES;
				CLANG_WARN_NON_LITERAL_NULL_CONVERSION = YES;
				CLANG_WARN_OBJC_IMPLICIT_RETAIN_SELF = YES;
				CLANG_WARN_OBJC_LITERAL_CONVERSION = YES;
				CLANG_WARN_OBJC_ROOT_CLASS = YES_ERROR;
				CLANG_WARN_QUOTED_INCLUDE_IN_FRAMEWORK_HEADER = YES;
				CLANG_WARN_RANGE_LOOP_ANALYSIS = YES;
				CLANG_WARN_STRICT_PROTOTYPES = YES;
				CLANG_WARN_SUSPICIOUS_MOVE = YES;
				CLANG_WARN_UNGUARDED_AVAILABILITY = YES_AGGRESSIVE;
				CLANG_WARN_UNREACHABLE_CODE = YES;
				CLANG_WARN__DUPLICATE_METHOD_MATCH = YES;
				COPY_PHASE_STRIP = NO;
				DEBUG_INFORMATION_FORMAT = dwarf;
				ENABLE_STRICT_OBJC_MSGSEND = YES;
				ENABLE_TESTABILITY = YES;
				GCC_C_LANGUAGE_STANDARD = gnu11;
				GCC_DYNAMIC_NO_PIC = NO;
				GCC_NO_COMMON_BLOCKS = YES;
				GCC_OPTIMIZATION_LEVEL = 0;
				GCC_PREPROCESSOR_DEFINITIONS = (
					"DEBUG=1",
					"$(inherited)",
				);
				GCC_WARN_64_TO_32_BIT_CONVERSION = YES;
				GCC_WARN_ABOUT_RETURN_TYPE = YES_ERROR;
				GCC_WARN_UNDECLARED_SELECTOR = YES;
				GCC_WARN_UNINITIALIZED_AUTOS = YES_AGGRESSIVE;
				GCC_WARN_UNUSED_FUNCTION = YES;
				GCC_WARN_UNUSED_VARIABLE = YES;
				IPHONEOS_DEPLOYMENT_TARGET = 15.0;
				MTL_ENABLE_DEBUG_INFO = INCLUDE_SOURCE;
				MTL_FAST_MATH = YES;
				ONLY_ACTIVE_ARCH = YES;
				SDKROOT = iphoneos;
				SWIFT_ACTIVE_COMPILATION_CONDITIONS = DEBUG;
				SWIFT_OPTIMIZATION_LEVEL = "-Onone";
			};
			name = Debug;
		};
		A3E3793B29F032BA00FE688E /* Release */ = {
			isa = XCBuildConfiguration;
			buildSettings = {
				ALWAYS_SEARCH_USER_PATHS = NO;
				CLANG_ANALYZER_NONNULL = YES;
				CLANG_ANALYZER_NUMBER_OBJECT_CONVERSION = YES_AGGRESSIVE;
				CLANG_CXX_LANGUAGE_STANDARD = "gnu++20";
				CLANG_ENABLE_MODULES = YES;
				CLANG_ENABLE_OBJC_ARC = YES;
				CLANG_ENABLE_OBJC_WEAK = YES;
				CLANG_WARN_BLOCK_CAPTURE_AUTORELEASING = YES;
				CLANG_WARN_BOOL_CONVERSION = YES;
				CLANG_WARN_COMMA = YES;
				CLANG_WARN_CONSTANT_CONVERSION = YES;
				CLANG_WARN_DEPRECATED_OBJC_IMPLEMENTATIONS = YES;
				CLANG_WARN_DIRECT_OBJC_ISA_USAGE = YES_ERROR;
				CLANG_WARN_DOCUMENTATION_COMMENTS = YES;
				CLANG_WARN_EMPTY_BODY = YES;
				CLANG_WARN_ENUM_CONVERSION = YES;
				CLANG_WARN_INFINITE_RECURSION = YES;
				CLANG_WARN_INT_CONVERSION = YES;
				CLANG_WARN_NON_LITERAL_NULL_CONVERSION = YES;
				CLANG_WARN_OBJC_IMPLICIT_RETAIN_SELF = YES;
				CLANG_WARN_OBJC_LITERAL_CONVERSION = YES;
				CLANG_WARN_OBJC_ROOT_CLASS = YES_ERROR;
				CLANG_WARN_QUOTED_INCLUDE_IN_FRAMEWORK_HEADER = YES;
				CLANG_WARN_RANGE_LOOP_ANALYSIS = YES;
				CLANG_WARN_STRICT_PROTOTYPES = YES;
				CLANG_WARN_SUSPICIOUS_MOVE = YES;
				CLANG_WARN_UNGUARDED_AVAILABILITY = YES_AGGRESSIVE;
				CLANG_WARN_UNREACHABLE_CODE = YES;
				CLANG_WARN__DUPLICATE_METHOD_MATCH = YES;
				COPY_PHASE_STRIP = NO;
				DEBUG_INFORMATION_FORMAT = "dwarf-with-dsym";
				ENABLE_NS_ASSERTIONS = NO;
				ENABLE_STRICT_OBJC_MSGSEND = YES;
				GCC_C_LANGUAGE_STANDARD = gnu11;
				GCC_NO_COMMON_BLOCKS = YES;
				GCC_WARN_64_TO_32_BIT_CONVERSION = YES;
				GCC_WARN_ABOUT_RETURN_TYPE = YES_ERROR;
				GCC_WARN_UNDECLARED_SELECTOR = YES;
				GCC_WARN_UNINITIALIZED_AUTOS = YES_AGGRESSIVE;
				GCC_WARN_UNUSED_FUNCTION = YES;
				GCC_WARN_UNUSED_VARIABLE = YES;
				IPHONEOS_DEPLOYMENT_TARGET = 15.0;
				MTL_ENABLE_DEBUG_INFO = NO;
				MTL_FAST_MATH = YES;
				SDKROOT = iphoneos;
				SWIFT_COMPILATION_MODE = wholemodule;
				SWIFT_OPTIMIZATION_LEVEL = "-O";
				VALIDATE_PRODUCT = YES;
			};
			name = Release;
		};
		A3E3793D29F032BA00FE688E /* Debug */ = {
			isa = XCBuildConfiguration;
			buildSettings = {
				ASSETCATALOG_COMPILER_APPICON_NAME = AppIcon;
				ASSETCATALOG_COMPILER_GLOBAL_ACCENT_COLOR_NAME = AccentColor;
				CODE_SIGN_STYLE = Automatic;
				CURRENT_PROJECT_VERSION = 1;
				GENERATE_INFOPLIST_FILE = YES;
				INFOPLIST_FILE = OurNeighborhoodLibrary/Info.plist;
				INFOPLIST_KEY_UIApplicationSupportsIndirectInputEvents = YES;
				INFOPLIST_KEY_UILaunchStoryboardName = LaunchScreen;
				INFOPLIST_KEY_UIStatusBarStyle = "";
				INFOPLIST_KEY_UISupportedInterfaceOrientations_iPad = "UIInterfaceOrientationPortrait UIInterfaceOrientationPortraitUpsideDown UIInterfaceOrientationLandscapeLeft UIInterfaceOrientationLandscapeRight";
				INFOPLIST_KEY_UISupportedInterfaceOrientations_iPhone = "UIInterfaceOrientationPortrait UIInterfaceOrientationLandscapeLeft UIInterfaceOrientationLandscapeRight";
				IPHONEOS_DEPLOYMENT_TARGET = 15.0;
				LD_RUNPATH_SEARCH_PATHS = (
					"$(inherited)",
					"@executable_path/Frameworks",
				);
				MARKETING_VERSION = 1.0;
				PRODUCT_BUNDLE_IDENTIFIER = BradHeo.OurNeighborhoodLibrary;
				PRODUCT_NAME = "$(TARGET_NAME)";
				SWIFT_EMIT_LOC_STRINGS = YES;
				SWIFT_VERSION = 5.0;
				TARGETED_DEVICE_FAMILY = "1,2";
			};
			name = Debug;
		};
		A3E3793E29F032BA00FE688E /* Release */ = {
			isa = XCBuildConfiguration;
			buildSettings = {
				ASSETCATALOG_COMPILER_APPICON_NAME = AppIcon;
				ASSETCATALOG_COMPILER_GLOBAL_ACCENT_COLOR_NAME = AccentColor;
				CODE_SIGN_STYLE = Automatic;
				CURRENT_PROJECT_VERSION = 1;
				GENERATE_INFOPLIST_FILE = YES;
				INFOPLIST_FILE = OurNeighborhoodLibrary/Info.plist;
				INFOPLIST_KEY_UIApplicationSupportsIndirectInputEvents = YES;
				INFOPLIST_KEY_UILaunchStoryboardName = LaunchScreen;
				INFOPLIST_KEY_UIStatusBarStyle = "";
				INFOPLIST_KEY_UISupportedInterfaceOrientations_iPad = "UIInterfaceOrientationPortrait UIInterfaceOrientationPortraitUpsideDown UIInterfaceOrientationLandscapeLeft UIInterfaceOrientationLandscapeRight";
				INFOPLIST_KEY_UISupportedInterfaceOrientations_iPhone = "UIInterfaceOrientationPortrait UIInterfaceOrientationLandscapeLeft UIInterfaceOrientationLandscapeRight";
				IPHONEOS_DEPLOYMENT_TARGET = 15.0;
				LD_RUNPATH_SEARCH_PATHS = (
					"$(inherited)",
					"@executable_path/Frameworks",
				);
				MARKETING_VERSION = 1.0;
				PRODUCT_BUNDLE_IDENTIFIER = BradHeo.OurNeighborhoodLibrary;
				PRODUCT_NAME = "$(TARGET_NAME)";
				SWIFT_EMIT_LOC_STRINGS = YES;
				SWIFT_VERSION = 5.0;
				TARGETED_DEVICE_FAMILY = "1,2";
			};
			name = Release;
		};
/* End XCBuildConfiguration section */

/* Begin XCConfigurationList section */
		A3E3792329F032B900FE688E /* Build configuration list for PBXProject "OurNeighborhoodLibrary" */ = {
			isa = XCConfigurationList;
			buildConfigurations = (
				A3E3793A29F032BA00FE688E /* Debug */,
				A3E3793B29F032BA00FE688E /* Release */,
			);
			defaultConfigurationIsVisible = 0;
			defaultConfigurationName = Release;
		};
		A3E3793C29F032BA00FE688E /* Build configuration list for PBXNativeTarget "OurNeighborhoodLibrary" */ = {
			isa = XCConfigurationList;
			buildConfigurations = (
				A3E3793D29F032BA00FE688E /* Debug */,
				A3E3793E29F032BA00FE688E /* Release */,
			);
			defaultConfigurationIsVisible = 0;
			defaultConfigurationName = Release;
		};
/* End XCConfigurationList section */

/* Begin XCRemoteSwiftPackageReference section */
		A347869029F12953005417B3 /* XCRemoteSwiftPackageReference "SnapKit" */ = {
			isa = XCRemoteSwiftPackageReference;
			repositoryURL = "https://github.com/SnapKit/SnapKit";
			requirement = {
				kind = upToNextMajorVersion;
				minimumVersion = 5.0.0;
			};
		};
		A347869329F12971005417B3 /* XCRemoteSwiftPackageReference "Then" */ = {
			isa = XCRemoteSwiftPackageReference;
			repositoryURL = "https://github.com/devxoul/Then";
			requirement = {
				kind = upToNextMajorVersion;
				minimumVersion = 3.0.0;
			};
		};
/* End XCRemoteSwiftPackageReference section */

/* Begin XCSwiftPackageProductDependency section */
		A347869129F12953005417B3 /* SnapKit */ = {
			isa = XCSwiftPackageProductDependency;
			package = A347869029F12953005417B3 /* XCRemoteSwiftPackageReference "SnapKit" */;
			productName = SnapKit;
		};
		A347869429F12971005417B3 /* Then */ = {
			isa = XCSwiftPackageProductDependency;
			package = A347869329F12971005417B3 /* XCRemoteSwiftPackageReference "Then" */;
			productName = Then;
		};
/* End XCSwiftPackageProductDependency section */
	};
	rootObject = A3E3792029F032B900FE688E /* Project object */;
}
